
Microsoft Visual Studio Solution File, Format Version 12.00
# Visual Studio Version 17
VisualStudioVersion = 17.5.33627.172
MinimumVisualStudioVersion = 10.0.40219.1
Project("{8BC9CEB8-8B4A-11D0-8D11-00A0C91BC942}") = "pointerobject", "pointerobject\pointerobject.vcxproj", "{8D345660-37C7-4F24-8A9E-1A80948384D1}"
EndProject
Global
	GlobalSection(SolutionConfigurationPlatforms) = preSolution
		Debug|x64 = Debug|x64
		Debug|x86 = Debug|x86
		Release|x64 = Release|x64
		Release|x86 = Release|x86
	EndGlobalSection
	GlobalSection(ProjectConfigurationPlatforms) = postSolution
		{8D345660-37C7-4F24-8A9E-1A80948384D1}.Debug|x64.ActiveCfg = Debug|x64
		{8D345660-37C7-4F24-8A9E-1A80948384D1}.Debug|x64.Build.0 = Debug|x64
		{8D345660-37C7-4F24-8A9E-1A80948384D1}.Debug|x86.ActiveCfg = Debug|Win32
		{8D345660-37C7-4F24-8A9E-1A80948384D1}.Debug|x86.Build.0 = Debug|Win32
		{8D345660-37C7-4F24-8A9E-1A80948384D1}.Release|x64.ActiveCfg = Release|x64
		{8D345660-37C7-4F24-8A9E-1A80948384D1}.Release|x64.Build.0 = Release|x64
		{8D345660-37C7-4F24-8A9E-1A80948384D1}.Release|x86.ActiveCfg = Release|Win32
		{8D345660-37C7-4F24-8A9E-1A80948384D1}.Release|x86.Build.0 = Release|Win32
	EndGlobalSection
	GlobalSection(SolutionProperties) = preSolution
		HideSolutionNode = FALSE
	EndGlobalSection
	GlobalSection(ExtensibilityGlobals) = postSolution
		SolutionGuid = {A8FDD796-4C8D-4E74-9F31-9A94261B9967}
	EndGlobalSection
EndGlobal
