
Microsoft Visual Studio Solution File, Format Version 12.00
# Visual Studio Version 17
VisualStudioVersion = 17.5.33627.172
MinimumVisualStudioVersion = 10.0.40219.1
Project("{8BC9CEB8-8B4A-11D0-8D11-00A0C91BC942}") = "CompudOverloading", "CompudOverloading\CompudOverloading.vcxproj", "{BE664062-0699-4099-B7A3-AA6FD5A513AD}"
EndProject
Global
	GlobalSection(SolutionConfigurationPlatforms) = preSolution
		Debug|x64 = Debug|x64
		Debug|x86 = Debug|x86
		Release|x64 = Release|x64
		Release|x86 = Release|x86
	EndGlobalSection
	GlobalSection(ProjectConfigurationPlatforms) = postSolution
		{BE664062-0699-4099-B7A3-AA6FD5A513AD}.Debug|x64.ActiveCfg = Debug|x64
		{BE664062-0699-4099-B7A3-AA6FD5A513AD}.Debug|x64.Build.0 = Debug|x64
		{BE664062-0699-4099-B7A3-AA6FD5A513AD}.Debug|x86.ActiveCfg = Debug|Win32
		{BE664062-0699-4099-B7A3-AA6FD5A513AD}.Debug|x86.Build.0 = Debug|Win32
		{BE664062-0699-4099-B7A3-AA6FD5A513AD}.Release|x64.ActiveCfg = Release|x64
		{BE664062-0699-4099-B7A3-AA6FD5A513AD}.Release|x64.Build.0 = Release|x64
		{BE664062-0699-4099-B7A3-AA6FD5A513AD}.Release|x86.ActiveCfg = Release|Win32
		{BE664062-0699-4099-B7A3-AA6FD5A513AD}.Release|x86.Build.0 = Release|Win32
	EndGlobalSection
	GlobalSection(SolutionProperties) = preSolution
		HideSolutionNode = FALSE
	EndGlobalSection
	GlobalSection(ExtensibilityGlobals) = postSolution
		SolutionGuid = {1CA7591D-D040-45EE-BA21-3FCABDD67B0A}
	EndGlobalSection
EndGlobal
