
Microsoft Visual Studio Solution File, Format Version 12.00
# Visual Studio Version 17
VisualStudioVersion = 17.5.33627.172
MinimumVisualStudioVersion = 10.0.40219.1
Project("{8BC9CEB8-8B4A-11D0-8D11-00A0C91BC942}") = "SpaceshipOperator", "SpaceshipOperator\SpaceshipOperator.vcxproj", "{0EEE2930-F461-46B3-87D5-4FF318697D2B}"
EndProject
Global
	GlobalSection(SolutionConfigurationPlatforms) = preSolution
		Debug|x64 = Debug|x64
		Debug|x86 = Debug|x86
		Release|x64 = Release|x64
		Release|x86 = Release|x86
	EndGlobalSection
	GlobalSection(ProjectConfigurationPlatforms) = postSolution
		{0EEE2930-F461-46B3-87D5-4FF318697D2B}.Debug|x64.ActiveCfg = Debug|x64
		{0EEE2930-F461-46B3-87D5-4FF318697D2B}.Debug|x64.Build.0 = Debug|x64
		{0EEE2930-F461-46B3-87D5-4FF318697D2B}.Debug|x86.ActiveCfg = Debug|Win32
		{0EEE2930-F461-46B3-87D5-4FF318697D2B}.Debug|x86.Build.0 = Debug|Win32
		{0EEE2930-F461-46B3-87D5-4FF318697D2B}.Release|x64.ActiveCfg = Release|x64
		{0EEE2930-F461-46B3-87D5-4FF318697D2B}.Release|x64.Build.0 = Release|x64
		{0EEE2930-F461-46B3-87D5-4FF318697D2B}.Release|x86.ActiveCfg = Release|Win32
		{0EEE2930-F461-46B3-87D5-4FF318697D2B}.Release|x86.Build.0 = Release|Win32
	EndGlobalSection
	GlobalSection(SolutionProperties) = preSolution
		HideSolutionNode = FALSE
	EndGlobalSection
	GlobalSection(ExtensibilityGlobals) = postSolution
		SolutionGuid = {14CF86DF-C542-4913-8938-8DAD7912C1B7}
	EndGlobalSection
EndGlobal
